
Microsoft Visual Studio Solution File, Format Version 12.00
# Visual Studio 15
VisualStudioVersion = 15.0.27130.2026
MinimumVisualStudioVersion = 10.0.40219.1
Project("{2150E333-8FDC-42A3-9474-1A3956D46DE8}") = "Solution Items", "Solution Items", "{3038C8E5-D302-4A59-8527-EAB613D928ED}"
	ProjectSection(SolutionItems) = preProject
		.editorconfig = .editorconfig
		..\.gitignore = ..\.gitignore
		..\README.md = ..\README.md
	EndProjectSection
EndProject
Project("{FAE04EC0-301F-11D3-BF4B-00C04F79EFBC}") = "ASD.NES.WPF", "ASD.NES.WPF\ASD.NES.WPF.csproj", "{45DF3056-E958-44D1-8FB0-6C7947F9CB0A}"
EndProject
Project("{9A19103F-16F7-4668-BE54-9A1E7A4F7556}") = "ASD.NES.Kernel", "ASD.NES.Kernel\ASD.NES.Kernel.csproj", "{0538B45B-5541-4763-9008-D6CBD70AD9B5}"
EndProject
Global
	GlobalSection(SolutionConfigurationPlatforms) = preSolution
		Debug|Any CPU = Debug|Any CPU
		Release|Any CPU = Release|Any CPU
	EndGlobalSection
	GlobalSection(ProjectConfigurationPlatforms) = postSolution
		{45DF3056-E958-44D1-8FB0-6C7947F9CB0A}.Debug|Any CPU.ActiveCfg = Debug|Any CPU
		{45DF3056-E958-44D1-8FB0-6C7947F9CB0A}.Debug|Any CPU.Build.0 = Debug|Any CPU
		{45DF3056-E958-44D1-8FB0-6C7947F9CB0A}.Release|Any CPU.ActiveCfg = Release|Any CPU
		{45DF3056-E958-44D1-8FB0-6C7947F9CB0A}.Release|Any CPU.Build.0 = Release|Any CPU
		{0538B45B-5541-4763-9008-D6CBD70AD9B5}.Debug|Any CPU.ActiveCfg = Debug|Any CPU
		{0538B45B-5541-4763-9008-D6CBD70AD9B5}.Debug|Any CPU.Build.0 = Debug|Any CPU
		{0538B45B-5541-4763-9008-D6CBD70AD9B5}.Release|Any CPU.ActiveCfg = Release|Any CPU
		{0538B45B-5541-4763-9008-D6CBD70AD9B5}.Release|Any CPU.Build.0 = Release|Any CPU
	EndGlobalSection
	GlobalSection(SolutionProperties) = preSolution
		HideSolutionNode = FALSE
	EndGlobalSection
	GlobalSection(ExtensibilityGlobals) = postSolution
		SolutionGuid = {C20E0176-6845-4DDD-92C7-835C3F0703C6}
	EndGlobalSection
	GlobalSection(Performance) = preSolution
		HasPerformanceSessions = true
	EndGlobalSection
	GlobalSection(Performance) = preSolution
		HasPerformanceSessions = true
	EndGlobalSection
	GlobalSection(Performance) = preSolution
		HasPerformanceSessions = true
	EndGlobalSection
EndGlobal
